// !$*UTF8*$!
{
	archiveVersion = 1;
	classes = {
	};
	objectVersion = 56;
	objects = {

/* Begin PBXBuildFile section */
		3202F4382A0DBCF200259B58 /* Views.swift in Sources */ = {isa = PBXBuildFile; fileRef = 3202F4372A0DBCF200259B58 /* Views.swift */; };
		3202F43A2A0DBD2100259B58 /* AnimateObserver.swift in Sources */ = {isa = PBXBuildFile; fileRef = 3202F4392A0DBD2100259B58 /* AnimateObserver.swift */; };
		3205789C2A0E6920002B870B /* PhotosWithCamera.swift in Sources */ = {isa = PBXBuildFile; fileRef = 3205789B2A0E6920002B870B /* PhotosWithCamera.swift */; };
		323E1DD229E1FB7900D2165B /* ContentView.swift in Sources */ = {isa = PBXBuildFile; fileRef = 323E1DD129E1FB7900D2165B /* ContentView.swift */; };
		326129F729FEE3CF00879DCE /* PhotoDescriptionView.swift in Sources */ = {isa = PBXBuildFile; fileRef = 326129F629FEE3CF00879DCE /* PhotoDescriptionView.swift */; };
		326129F92A010D0D00879DCE /* ButtonForNavigation.swift in Sources */ = {isa = PBXBuildFile; fileRef = 326129F82A010D0D00879DCE /* ButtonForNavigation.swift */; };
		326129FB2A01163D00879DCE /* RoverConnection.swift in Sources */ = {isa = PBXBuildFile; fileRef = 326129FA2A01163D00879DCE /* RoverConnection.swift */; };
		326A31712A2BB0BE00B607B7 /* EarthAnim.swift in Sources */ = {isa = PBXBuildFile; fileRef = 326A31702A2BB0BE00B607B7 /* EarthAnim.swift */; };
		32980DC629E1F8D5004F0852 /* AppDelegate.swift in Sources */ = {isa = PBXBuildFile; fileRef = 32980DC529E1F8D5004F0852 /* AppDelegate.swift */; };
		32980DC829E1F8D5004F0852 /* SceneDelegate.swift in Sources */ = {isa = PBXBuildFile; fileRef = 32980DC729E1F8D5004F0852 /* SceneDelegate.swift */; };
		32980DCA29E1F8D5004F0852 /* ViewController.swift in Sources */ = {isa = PBXBuildFile; fileRef = 32980DC929E1F8D5004F0852 /* ViewController.swift */; };
		32980DCD29E1F8D5004F0852 /* Main.storyboard in Resources */ = {isa = PBXBuildFile; fileRef = 32980DCB29E1F8D5004F0852 /* Main.storyboard */; };
		32980DCF29E1F8D6004F0852 /* Assets.xcassets in Resources */ = {isa = PBXBuildFile; fileRef = 32980DCE29E1F8D6004F0852 /* Assets.xcassets */; };
		32980DD229E1F8D6004F0852 /* LaunchScreen.storyboard in Resources */ = {isa = PBXBuildFile; fileRef = 32980DD029E1F8D6004F0852 /* LaunchScreen.storyboard */; };
		32CF697629F7DCBF00B7855B /* CalculateSolModel.swift in Sources */ = {isa = PBXBuildFile; fileRef = 32CF697529F7DCBF00B7855B /* CalculateSolModel.swift */; };
		32CF697929F9360000B7855B /* WriteRover.swift in Sources */ = {isa = PBXBuildFile; fileRef = 32CF697829F9360000B7855B /* WriteRover.swift */; };
		32CF697C29F936DE00B7855B /* PhotosView.swift in Sources */ = {isa = PBXBuildFile; fileRef = 32CF697B29F936DE00B7855B /* PhotosView.swift */; };
		32CF697E29FA724400B7855B /* RoundedCornersShape.swift in Sources */ = {isa = PBXBuildFile; fileRef = 32CF697D29FA724400B7855B /* RoundedCornersShape.swift */; };
		32CF698229FA7D6000B7855B /* PhotosViewModel.swift in Sources */ = {isa = PBXBuildFile; fileRef = 32CF698129FA7D6000B7855B /* PhotosViewModel.swift */; };
		32CF698429FAE00400B7855B /* Photos.swift in Sources */ = {isa = PBXBuildFile; fileRef = 32CF698329FAE00400B7855B /* Photos.swift */; };
		32CF698629FAE8E000B7855B /* CustomImage.swift in Sources */ = {isa = PBXBuildFile; fileRef = 32CF698529FAE8E000B7855B /* CustomImage.swift */; };
		32D66D7229E423BD005D8789 /* Images.swift in Sources */ = {isa = PBXBuildFile; fileRef = 32D66D7129E423BD005D8789 /* Images.swift */; };
		32D66D7429E4240A005D8789 /* InfinityCarousel.swift in Sources */ = {isa = PBXBuildFile; fileRef = 32D66D7329E4240A005D8789 /* InfinityCarousel.swift */; };
		32D66D7629E576CB005D8789 /* Helvetica Neue.ttf in Resources */ = {isa = PBXBuildFile; fileRef = 32D66D7529E576CB005D8789 /* Helvetica Neue.ttf */; };
		32D66D7929E57710005D8789 /* Helvetica Neue UltraLight.ttf in Resources */ = {isa = PBXBuildFile; fileRef = 32D66D7829E57710005D8789 /* Helvetica Neue UltraLight.ttf */; };
		32D66D7B29E6D3C9005D8789 /* Sceleton.swift in Sources */ = {isa = PBXBuildFile; fileRef = 32D66D7A29E6D3C9005D8789 /* Sceleton.swift */; };
		32D66D7D29E6DCC2005D8789 /* Colors.swift in Sources */ = {isa = PBXBuildFile; fileRef = 32D66D7C29E6DCC2005D8789 /* Colors.swift */; };
		32D66D7F29E6DF03005D8789 /* CustomNavigationView.swift in Sources */ = {isa = PBXBuildFile; fileRef = 32D66D7E29E6DF03005D8789 /* CustomNavigationView.swift */; };
		32D66D8129E6F037005D8789 /* DecodeJson.swift in Sources */ = {isa = PBXBuildFile; fileRef = 32D66D8029E6F037005D8789 /* DecodeJson.swift */; };
		32D66D8329E6F053005D8789 /* ResponseData.swift in Sources */ = {isa = PBXBuildFile; fileRef = 32D66D8229E6F053005D8789 /* ResponseData.swift */; };
		32D66D8529E6F08C005D8789 /* RequestData.swift in Sources */ = {isa = PBXBuildFile; fileRef = 32D66D8429E6F08C005D8789 /* RequestData.swift */; };
		32D66D8829E6F130005D8789 /* Rover.swift in Sources */ = {isa = PBXBuildFile; fileRef = 32D66D8729E6F130005D8789 /* Rover.swift */; };
		32D66D8A29E6F16F005D8789 /* ContentVewModel.swift in Sources */ = {isa = PBXBuildFile; fileRef = 32D66D8929E6F16F005D8789 /* ContentVewModel.swift */; };
		32D66D8C29E8061B005D8789 /* SettingButton.swift in Sources */ = {isa = PBXBuildFile; fileRef = 32D66D8B29E8061B005D8789 /* SettingButton.swift */; };
		32D66D9029E831C7005D8789 /* RoverImages.swift in Sources */ = {isa = PBXBuildFile; fileRef = 32D66D8F29E831C7005D8789 /* RoverImages.swift */; };
		32D66D9229E843C6005D8789 /* String.swift in Sources */ = {isa = PBXBuildFile; fileRef = 32D66D9129E843C6005D8789 /* String.swift */; };
		32D66D9529E967F1005D8789 /* Rovers.swift in Sources */ = {isa = PBXBuildFile; fileRef = 32D66D9429E967F1005D8789 /* Rovers.swift */; };
		32D66D9729E97314005D8789 /* CardRoverDescription.swift in Sources */ = {isa = PBXBuildFile; fileRef = 32D66D9629E97314005D8789 /* CardRoverDescription.swift */; };
		32D66D9929E9E4E4005D8789 /* CardRoverSettings.swift in Sources */ = {isa = PBXBuildFile; fileRef = 32D66D9829E9E4E4005D8789 /* CardRoverSettings.swift */; };
		32EE00AF2A2E1C3300A2F605 /* Urls.swift in Sources */ = {isa = PBXBuildFile; fileRef = 32EE00AE2A2E1C3300A2F605 /* Urls.swift */; };
		32EE00B12A2E44C100A2F605 /* DimensionAnimation.swift in Sources */ = {isa = PBXBuildFile; fileRef = 32EE00B02A2E44C100A2F605 /* DimensionAnimation.swift */; };
		32FEBFCE29E2DEE9002D4499 /* Nasa.ttf in Resources */ = {isa = PBXBuildFile; fileRef = 32FEBFCD29E2DEE9002D4499 /* Nasa.ttf */; };
		32FEBFD029E2DFE8002D4499 /* Fonts.swift in Sources */ = {isa = PBXBuildFile; fileRef = 32FEBFCF29E2DFE8002D4499 /* Fonts.swift */; };
/* End PBXBuildFile section */

/* Begin PBXFileReference section */
		3202F4372A0DBCF200259B58 /* Views.swift */ = {isa = PBXFileReference; lastKnownFileType = sourcecode.swift; path = Views.swift; sourceTree = "<group>"; };
		3202F4392A0DBD2100259B58 /* AnimateObserver.swift */ = {isa = PBXFileReference; lastKnownFileType = sourcecode.swift; path = AnimateObserver.swift; sourceTree = "<group>"; };
		3205789B2A0E6920002B870B /* PhotosWithCamera.swift */ = {isa = PBXFileReference; lastKnownFileType = sourcecode.swift; path = PhotosWithCamera.swift; sourceTree = "<group>"; };
		323E1DD129E1FB7900D2165B /* ContentView.swift */ = {isa = PBXFileReference; lastKnownFileType = sourcecode.swift; path = ContentView.swift; sourceTree = "<group>"; };
		326129F629FEE3CF00879DCE /* PhotoDescriptionView.swift */ = {isa = PBXFileReference; lastKnownFileType = sourcecode.swift; path = PhotoDescriptionView.swift; sourceTree = "<group>"; };
		326129F82A010D0D00879DCE /* ButtonForNavigation.swift */ = {isa = PBXFileReference; lastKnownFileType = sourcecode.swift; path = ButtonForNavigation.swift; sourceTree = "<group>"; };
		326129FA2A01163D00879DCE /* RoverConnection.swift */ = {isa = PBXFileReference; lastKnownFileType = sourcecode.swift; path = RoverConnection.swift; sourceTree = "<group>"; };
		326A31702A2BB0BE00B607B7 /* EarthAnim.swift */ = {isa = PBXFileReference; lastKnownFileType = sourcecode.swift; path = EarthAnim.swift; sourceTree = "<group>"; };
		32980DC229E1F8D5004F0852 /* MarsRovers.app */ = {isa = PBXFileReference; explicitFileType = wrapper.application; includeInIndex = 0; path = MarsRovers.app; sourceTree = BUILT_PRODUCTS_DIR; };
		32980DC529E1F8D5004F0852 /* AppDelegate.swift */ = {isa = PBXFileReference; lastKnownFileType = sourcecode.swift; path = AppDelegate.swift; sourceTree = "<group>"; };
		32980DC729E1F8D5004F0852 /* SceneDelegate.swift */ = {isa = PBXFileReference; lastKnownFileType = sourcecode.swift; path = SceneDelegate.swift; sourceTree = "<group>"; };
		32980DC929E1F8D5004F0852 /* ViewController.swift */ = {isa = PBXFileReference; lastKnownFileType = sourcecode.swift; path = ViewController.swift; sourceTree = "<group>"; };
		32980DCC29E1F8D5004F0852 /* Base */ = {isa = PBXFileReference; lastKnownFileType = file.storyboard; name = Base; path = Base.lproj/Main.storyboard; sourceTree = "<group>"; };
		32980DCE29E1F8D6004F0852 /* Assets.xcassets */ = {isa = PBXFileReference; lastKnownFileType = folder.assetcatalog; path = Assets.xcassets; sourceTree = "<group>"; };
		32980DD129E1F8D6004F0852 /* Base */ = {isa = PBXFileReference; lastKnownFileType = file.storyboard; name = Base; path = Base.lproj/LaunchScreen.storyboard; sourceTree = "<group>"; };
		32980DD329E1F8D6004F0852 /* Info.plist */ = {isa = PBXFileReference; lastKnownFileType = text.plist.xml; path = Info.plist; sourceTree = "<group>"; };
		32CF697529F7DCBF00B7855B /* CalculateSolModel.swift */ = {isa = PBXFileReference; lastKnownFileType = sourcecode.swift; path = CalculateSolModel.swift; sourceTree = "<group>"; };
		32CF697829F9360000B7855B /* WriteRover.swift */ = {isa = PBXFileReference; lastKnownFileType = sourcecode.swift; path = WriteRover.swift; sourceTree = "<group>"; };
		32CF697B29F936DE00B7855B /* PhotosView.swift */ = {isa = PBXFileReference; lastKnownFileType = sourcecode.swift; path = PhotosView.swift; sourceTree = "<group>"; };
		32CF697D29FA724400B7855B /* RoundedCornersShape.swift */ = {isa = PBXFileReference; lastKnownFileType = sourcecode.swift; path = RoundedCornersShape.swift; sourceTree = "<group>"; };
		32CF698129FA7D6000B7855B /* PhotosViewModel.swift */ = {isa = PBXFileReference; lastKnownFileType = sourcecode.swift; path = PhotosViewModel.swift; sourceTree = "<group>"; };
		32CF698329FAE00400B7855B /* Photos.swift */ = {isa = PBXFileReference; lastKnownFileType = sourcecode.swift; path = Photos.swift; sourceTree = "<group>"; };
		32CF698529FAE8E000B7855B /* CustomImage.swift */ = {isa = PBXFileReference; lastKnownFileType = sourcecode.swift; path = CustomImage.swift; sourceTree = "<group>"; };
		32D66D7129E423BD005D8789 /* Images.swift */ = {isa = PBXFileReference; lastKnownFileType = sourcecode.swift; path = Images.swift; sourceTree = "<group>"; };
		32D66D7329E4240A005D8789 /* InfinityCarousel.swift */ = {isa = PBXFileReference; lastKnownFileType = sourcecode.swift; path = InfinityCarousel.swift; sourceTree = "<group>"; };
		32D66D7529E576CB005D8789 /* Helvetica Neue.ttf */ = {isa = PBXFileReference; lastKnownFileType = file; path = "Helvetica Neue.ttf"; sourceTree = "<group>"; };
		32D66D7829E57710005D8789 /* Helvetica Neue UltraLight.ttf */ = {isa = PBXFileReference; lastKnownFileType = file; path = "Helvetica Neue UltraLight.ttf"; sourceTree = "<group>"; };
		32D66D7A29E6D3C9005D8789 /* Sceleton.swift */ = {isa = PBXFileReference; lastKnownFileType = sourcecode.swift; path = Sceleton.swift; sourceTree = "<group>"; };
		32D66D7C29E6DCC2005D8789 /* Colors.swift */ = {isa = PBXFileReference; lastKnownFileType = sourcecode.swift; path = Colors.swift; sourceTree = "<group>"; };
		32D66D7E29E6DF03005D8789 /* CustomNavigationView.swift */ = {isa = PBXFileReference; lastKnownFileType = sourcecode.swift; path = CustomNavigationView.swift; sourceTree = "<group>"; };
		32D66D8029E6F037005D8789 /* DecodeJson.swift */ = {isa = PBXFileReference; lastKnownFileType = sourcecode.swift; path = DecodeJson.swift; sourceTree = "<group>"; };
		32D66D8229E6F053005D8789 /* ResponseData.swift */ = {isa = PBXFileReference; lastKnownFileType = sourcecode.swift; path = ResponseData.swift; sourceTree = "<group>"; };
		32D66D8429E6F08C005D8789 /* RequestData.swift */ = {isa = PBXFileReference; lastKnownFileType = sourcecode.swift; path = RequestData.swift; sourceTree = "<group>"; };
		32D66D8729E6F130005D8789 /* Rover.swift */ = {isa = PBXFileReference; lastKnownFileType = sourcecode.swift; path = Rover.swift; sourceTree = "<group>"; };
		32D66D8929E6F16F005D8789 /* ContentVewModel.swift */ = {isa = PBXFileReference; lastKnownFileType = sourcecode.swift; path = ContentVewModel.swift; sourceTree = "<group>"; };
		32D66D8B29E8061B005D8789 /* SettingButton.swift */ = {isa = PBXFileReference; lastKnownFileType = sourcecode.swift; path = SettingButton.swift; sourceTree = "<group>"; };
		32D66D8F29E831C7005D8789 /* RoverImages.swift */ = {isa = PBXFileReference; lastKnownFileType = sourcecode.swift; path = RoverImages.swift; sourceTree = "<group>"; };
		32D66D9129E843C6005D8789 /* String.swift */ = {isa = PBXFileReference; lastKnownFileType = sourcecode.swift; path = String.swift; sourceTree = "<group>"; };
		32D66D9429E967F1005D8789 /* Rovers.swift */ = {isa = PBXFileReference; lastKnownFileType = sourcecode.swift; path = Rovers.swift; sourceTree = "<group>"; };
		32D66D9629E97314005D8789 /* CardRoverDescription.swift */ = {isa = PBXFileReference; lastKnownFileType = sourcecode.swift; path = CardRoverDescription.swift; sourceTree = "<group>"; };
		32D66D9829E9E4E4005D8789 /* CardRoverSettings.swift */ = {isa = PBXFileReference; lastKnownFileType = sourcecode.swift; path = CardRoverSettings.swift; sourceTree = "<group>"; };
		32EE00AE2A2E1C3300A2F605 /* Urls.swift */ = {isa = PBXFileReference; lastKnownFileType = sourcecode.swift; path = Urls.swift; sourceTree = "<group>"; };
		32EE00B02A2E44C100A2F605 /* DimensionAnimation.swift */ = {isa = PBXFileReference; lastKnownFileType = sourcecode.swift; path = DimensionAnimation.swift; sourceTree = "<group>"; };
		32FEBFCD29E2DEE9002D4499 /* Nasa.ttf */ = {isa = PBXFileReference; lastKnownFileType = file; path = Nasa.ttf; sourceTree = "<group>"; };
		32FEBFCF29E2DFE8002D4499 /* Fonts.swift */ = {isa = PBXFileReference; lastKnownFileType = sourcecode.swift; path = Fonts.swift; sourceTree = "<group>"; };
/* End PBXFileReference section */

/* Begin PBXFrameworksBuildPhase section */
		32980DBF29E1F8D5004F0852 /* Frameworks */ = {
			isa = PBXFrameworksBuildPhase;
			buildActionMask = 2147483647;
			files = (
			);
			runOnlyForDeploymentPostprocessing = 0;
		};
/* End PBXFrameworksBuildPhase section */

/* Begin PBXGroup section */
		326129F529FEE3A100879DCE /* PhotoDescriptionView */ = {
			isa = PBXGroup;
			children = (
				326129F629FEE3CF00879DCE /* PhotoDescriptionView.swift */,
			);
			path = PhotoDescriptionView;
			sourceTree = "<group>";
		};
		3262BB7929E1FB14001214F3 /* View */ = {
			isa = PBXGroup;
			children = (
				32FEBFC529E2DC17002D4499 /* MainView */,
				32FEBFCC29E2DDB9002D4499 /* ContentView */,
				32CF697A29F9364000B7855B /* PhotosView */,
				326129F529FEE3A100879DCE /* PhotoDescriptionView */,
			);
			path = View;
			sourceTree = "<group>";
		};
		32980DB929E1F8D5004F0852 = {
			isa = PBXGroup;
			children = (
				32980DC429E1F8D5004F0852 /* MarsRovers */,
				32980DC329E1F8D5004F0852 /* Products */,
			);
			sourceTree = "<group>";
		};
		32980DC329E1F8D5004F0852 /* Products */ = {
			isa = PBXGroup;
			children = (
				32980DC229E1F8D5004F0852 /* MarsRovers.app */,
			);
			name = Products;
			sourceTree = "<group>";
		};
		32980DC429E1F8D5004F0852 /* MarsRovers */ = {
			isa = PBXGroup;
			children = (
				32D66D9329E96696005D8789 /* Mocks */,
				32D66D8629E6F0B8005D8789 /* Models */,
				3262BB7929E1FB14001214F3 /* View */,
				32FEBFC429E2DBFE002D4499 /* ViewModels */,
				32FEBFC829E2DC46002D4499 /* CustomElements */,
				32FEBFC629E2DC29002D4499 /* Networking */,
				32FEBFC729E2DC36002D4499 /* Extensions */,
				32FEBFCB29E2DD13002D4499 /* Enums */,
				32CF697729F935E600B7855B /* protocols */,
				32FEBFC929E2DC59002D4499 /* Application */,
				32FEBFC329E2DBED002D4499 /* Resourses */,
			);
			path = MarsRovers;
			sourceTree = "<group>";
		};
		32CF697729F935E600B7855B /* protocols */ = {
			isa = PBXGroup;
			children = (
				32CF697829F9360000B7855B /* WriteRover.swift */,
			);
			path = protocols;
			sourceTree = "<group>";
		};
		32CF697A29F9364000B7855B /* PhotosView */ = {
			isa = PBXGroup;
			children = (
				32CF697B29F936DE00B7855B /* PhotosView.swift */,
			);
			path = PhotosView;
			sourceTree = "<group>";
		};
		32CF697F29FA7D2900B7855B /* ContentViewModels */ = {
			isa = PBXGroup;
			children = (
				32D66D8929E6F16F005D8789 /* ContentVewModel.swift */,
				32CF697529F7DCBF00B7855B /* CalculateSolModel.swift */,
			);
			name = ContentViewModels;
			sourceTree = "<group>";
		};
		32CF698029FA7D4100B7855B /* PhotosViewModels */ = {
			isa = PBXGroup;
			children = (
				32CF698129FA7D6000B7855B /* PhotosViewModel.swift */,
			);
			name = PhotosViewModels;
			sourceTree = "<group>";
		};
		32D66D8629E6F0B8005D8789 /* Models */ = {
			isa = PBXGroup;
			children = (
				32D66D8729E6F130005D8789 /* Rover.swift */,
				32CF698329FAE00400B7855B /* Photos.swift */,
			);
			path = Models;
			sourceTree = "<group>";
		};
		32D66D9329E96696005D8789 /* Mocks */ = {
			isa = PBXGroup;
			children = (
				32D66D9429E967F1005D8789 /* Rovers.swift */,
				3205789B2A0E6920002B870B /* PhotosWithCamera.swift */,
			);
			path = Mocks;
			sourceTree = "<group>";
		};
		32FEBFC329E2DBED002D4499 /* Resourses */ = {
			isa = PBXGroup;
			children = (
				32FEBFCA29E2DCCD002D4499 /* Fonts */,
				32980DD329E1F8D6004F0852 /* Info.plist */,
				32980DCE29E1F8D6004F0852 /* Assets.xcassets */,
			);
			path = Resourses;
			sourceTree = "<group>";
		};
		32FEBFC429E2DBFE002D4499 /* ViewModels */ = {
			isa = PBXGroup;
			children = (
				32CF697F29FA7D2900B7855B /* ContentViewModels */,
				32CF698029FA7D4100B7855B /* PhotosViewModels */,
			);
			path = ViewModels;
			sourceTree = "<group>";
		};
		32FEBFC529E2DC17002D4499 /* MainView */ = {
			isa = PBXGroup;
			children = (
				32980DD029E1F8D6004F0852 /* LaunchScreen.storyboard */,
				32980DCB29E1F8D5004F0852 /* Main.storyboard */,
			);
			path = MainView;
			sourceTree = "<group>";
		};
		32FEBFC629E2DC29002D4499 /* Networking */ = {
			isa = PBXGroup;
			children = (
				32D66D8429E6F08C005D8789 /* RequestData.swift */,
				32D66D8229E6F053005D8789 /* ResponseData.swift */,
				32D66D8029E6F037005D8789 /* DecodeJson.swift */,
			);
			path = Networking;
			sourceTree = "<group>";
		};
		32FEBFC729E2DC36002D4499 /* Extensions */ = {
			isa = PBXGroup;
			children = (
				32FEBFCF29E2DFE8002D4499 /* Fonts.swift */,
				32D66D7129E423BD005D8789 /* Images.swift */,
				32D66D7C29E6DCC2005D8789 /* Colors.swift */,
				32D66D9129E843C6005D8789 /* String.swift */,
				3202F4372A0DBCF200259B58 /* Views.swift */,
			);
			path = Extensions;
			sourceTree = "<group>";
		};
		32FEBFC829E2DC46002D4499 /* CustomElements */ = {
			isa = PBXGroup;
			children = (
				32D66D7329E4240A005D8789 /* InfinityCarousel.swift */,
				32D66D7A29E6D3C9005D8789 /* Sceleton.swift */,
				32D66D7E29E6DF03005D8789 /* CustomNavigationView.swift */,
				32D66D8B29E8061B005D8789 /* SettingButton.swift */,
				32CF697D29FA724400B7855B /* RoundedCornersShape.swift */,
				32CF698529FAE8E000B7855B /* CustomImage.swift */,
				326129F82A010D0D00879DCE /* ButtonForNavigation.swift */,
				326129FA2A01163D00879DCE /* RoverConnection.swift */,
				3202F4392A0DBD2100259B58 /* AnimateObserver.swift */,
				326A31702A2BB0BE00B607B7 /* EarthAnim.swift */,
				32EE00B02A2E44C100A2F605 /* DimensionAnimation.swift */,
			);
			path = CustomElements;
			sourceTree = "<group>";
		};
		32FEBFC929E2DC59002D4499 /* Application */ = {
			isa = PBXGroup;
			children = (
				32980DC529E1F8D5004F0852 /* AppDelegate.swift */,
				32980DC929E1F8D5004F0852 /* ViewController.swift */,
				32980DC729E1F8D5004F0852 /* SceneDelegate.swift */,
			);
			path = Application;
			sourceTree = "<group>";
		};
		32FEBFCA29E2DCCD002D4499 /* Fonts */ = {
			isa = PBXGroup;
			children = (
				32D66D7829E57710005D8789 /* Helvetica Neue UltraLight.ttf */,
				32D66D7529E576CB005D8789 /* Helvetica Neue.ttf */,
				32FEBFCD29E2DEE9002D4499 /* Nasa.ttf */,
			);
			path = Fonts;
			sourceTree = "<group>";
		};
		32FEBFCB29E2DD13002D4499 /* Enums */ = {
			isa = PBXGroup;
			children = (
				32EE00AE2A2E1C3300A2F605 /* Urls.swift */,
				32D66D8F29E831C7005D8789 /* RoverImages.swift */,
			);
			path = Enums;
			sourceTree = "<group>";
		};
		32FEBFCC29E2DDB9002D4499 /* ContentView */ = {
			isa = PBXGroup;
			children = (
				323E1DD129E1FB7900D2165B /* ContentView.swift */,
				32D66D9629E97314005D8789 /* CardRoverDescription.swift */,
				32D66D9829E9E4E4005D8789 /* CardRoverSettings.swift */,
			);
			path = ContentView;
			sourceTree = "<group>";
		};
/* End PBXGroup section */

/* Begin PBXNativeTarget section */
		32980DC129E1F8D5004F0852 /* MarsRovers */ = {
			isa = PBXNativeTarget;
			buildConfigurationList = 32980DD629E1F8D6004F0852 /* Build configuration list for PBXNativeTarget "MarsRovers" */;
			buildPhases = (
				32980DBE29E1F8D5004F0852 /* Sources */,
				32980DBF29E1F8D5004F0852 /* Frameworks */,
				32980DC029E1F8D5004F0852 /* Resources */,
			);
			buildRules = (
			);
			dependencies = (
			);
			name = MarsRovers;
			productName = MarsRovers;
			productReference = 32980DC229E1F8D5004F0852 /* MarsRovers.app */;
			productType = "com.apple.product-type.application";
		};
/* End PBXNativeTarget section */

/* Begin PBXProject section */
		32980DBA29E1F8D5004F0852 /* Project object */ = {
			isa = PBXProject;
			attributes = {
				BuildIndependentTargetsInParallel = 1;
				LastSwiftUpdateCheck = 1420;
				LastUpgradeCheck = 1420;
				TargetAttributes = {
					32980DC129E1F8D5004F0852 = {
						CreatedOnToolsVersion = 14.2;
					};
				};
			};
			buildConfigurationList = 32980DBD29E1F8D5004F0852 /* Build configuration list for PBXProject "MarsRovers" */;
			compatibilityVersion = "Xcode 14.0";
			developmentRegion = en;
			hasScannedForEncodings = 0;
			knownRegions = (
				en,
				Base,
			);
			mainGroup = 32980DB929E1F8D5004F0852;
			productRefGroup = 32980DC329E1F8D5004F0852 /* Products */;
			projectDirPath = "";
			projectRoot = "";
			targets = (
				32980DC129E1F8D5004F0852 /* MarsRovers */,
			);
		};
/* End PBXProject section */

/* Begin PBXResourcesBuildPhase section */
		32980DC029E1F8D5004F0852 /* Resources */ = {
			isa = PBXResourcesBuildPhase;
			buildActionMask = 2147483647;
			files = (
				32D66D7629E576CB005D8789 /* Helvetica Neue.ttf in Resources */,
				32980DD229E1F8D6004F0852 /* LaunchScreen.storyboard in Resources */,
				32980DCF29E1F8D6004F0852 /* Assets.xcassets in Resources */,
				32D66D7929E57710005D8789 /* Helvetica Neue UltraLight.ttf in Resources */,
				32980DCD29E1F8D5004F0852 /* Main.storyboard in Resources */,
				32FEBFCE29E2DEE9002D4499 /* Nasa.ttf in Resources */,
			);
			runOnlyForDeploymentPostprocessing = 0;
		};
/* End PBXResourcesBuildPhase section */

/* Begin PBXSourcesBuildPhase section */
		32980DBE29E1F8D5004F0852 /* Sources */ = {
			isa = PBXSourcesBuildPhase;
			buildActionMask = 2147483647;
			files = (
				32CF698429FAE00400B7855B /* Photos.swift in Sources */,
				32D66D9229E843C6005D8789 /* String.swift in Sources */,
				32D66D9029E831C7005D8789 /* RoverImages.swift in Sources */,
				32980DCA29E1F8D5004F0852 /* ViewController.swift in Sources */,
				32D66D7D29E6DCC2005D8789 /* Colors.swift in Sources */,
				326A31712A2BB0BE00B607B7 /* EarthAnim.swift in Sources */,
				32D66D9729E97314005D8789 /* CardRoverDescription.swift in Sources */,
				32CF698229FA7D6000B7855B /* PhotosViewModel.swift in Sources */,
				32D66D9529E967F1005D8789 /* Rovers.swift in Sources */,
				32FEBFD029E2DFE8002D4499 /* Fonts.swift in Sources */,
				323E1DD229E1FB7900D2165B /* ContentView.swift in Sources */,
				32980DC629E1F8D5004F0852 /* AppDelegate.swift in Sources */,
				32D66D7429E4240A005D8789 /* InfinityCarousel.swift in Sources */,
				32D66D8829E6F130005D8789 /* Rover.swift in Sources */,
				32CF697C29F936DE00B7855B /* PhotosView.swift in Sources */,
				32CF698629FAE8E000B7855B /* CustomImage.swift in Sources */,
				32980DC829E1F8D5004F0852 /* SceneDelegate.swift in Sources */,
				32D66D8C29E8061B005D8789 /* SettingButton.swift in Sources */,
				32D66D8529E6F08C005D8789 /* RequestData.swift in Sources */,
				326129F729FEE3CF00879DCE /* PhotoDescriptionView.swift in Sources */,
				3202F43A2A0DBD2100259B58 /* AnimateObserver.swift in Sources */,
				32CF697629F7DCBF00B7855B /* CalculateSolModel.swift in Sources */,
				3202F4382A0DBCF200259B58 /* Views.swift in Sources */,
				32D66D8129E6F037005D8789 /* DecodeJson.swift in Sources */,
				32D66D7F29E6DF03005D8789 /* CustomNavigationView.swift in Sources */,
				32D66D9929E9E4E4005D8789 /* CardRoverSettings.swift in Sources */,
				32D66D7B29E6D3C9005D8789 /* Sceleton.swift in Sources */,
				32EE00AF2A2E1C3300A2F605 /* Urls.swift in Sources */,
				32CF697929F9360000B7855B /* WriteRover.swift in Sources */,
				326129F92A010D0D00879DCE /* ButtonForNavigation.swift in Sources */,
				32D66D8329E6F053005D8789 /* ResponseData.swift in Sources */,
				3205789C2A0E6920002B870B /* PhotosWithCamera.swift in Sources */,
				326129FB2A01163D00879DCE /* RoverConnection.swift in Sources */,
				32CF697E29FA724400B7855B /* RoundedCornersShape.swift in Sources */,
				32D66D7229E423BD005D8789 /* Images.swift in Sources */,
				32EE00B12A2E44C100A2F605 /* DimensionAnimation.swift in Sources */,
				32D66D8A29E6F16F005D8789 /* ContentVewModel.swift in Sources */,
			);
			runOnlyForDeploymentPostprocessing = 0;
		};
/* End PBXSourcesBuildPhase section */

/* Begin PBXVariantGroup section */
		32980DCB29E1F8D5004F0852 /* Main.storyboard */ = {
			isa = PBXVariantGroup;
			children = (
				32980DCC29E1F8D5004F0852 /* Base */,
			);
			name = Main.storyboard;
			sourceTree = "<group>";
		};
		32980DD029E1F8D6004F0852 /* LaunchScreen.storyboard */ = {
			isa = PBXVariantGroup;
			children = (
				32980DD129E1F8D6004F0852 /* Base */,
			);
			name = LaunchScreen.storyboard;
			sourceTree = "<group>";
		};
/* End PBXVariantGroup section */

/* Begin XCBuildConfiguration section */
		32980DD429E1F8D6004F0852 /* Debug */ = {
			isa = XCBuildConfiguration;
			buildSettings = {
				ALWAYS_SEARCH_USER_PATHS = NO;
				CLANG_ANALYZER_NONNULL = YES;
				CLANG_ANALYZER_NUMBER_OBJECT_CONVERSION = YES_AGGRESSIVE;
				CLANG_CXX_LANGUAGE_STANDARD = "gnu++20";
				CLANG_ENABLE_MODULES = YES;
				CLANG_ENABLE_OBJC_ARC = YES;
				CLANG_ENABLE_OBJC_WEAK = YES;
				CLANG_WARN_BLOCK_CAPTURE_AUTORELEASING = YES;
				CLANG_WARN_BOOL_CONVERSION = YES;
				CLANG_WARN_COMMA = YES;
				CLANG_WARN_CONSTANT_CONVERSION = YES;
				CLANG_WARN_DEPRECATED_OBJC_IMPLEMENTATIONS = YES;
				CLANG_WARN_DIRECT_OBJC_ISA_USAGE = YES_ERROR;
				CLANG_WARN_DOCUMENTATION_COMMENTS = YES;
				CLANG_WARN_EMPTY_BODY = YES;
				CLANG_WARN_ENUM_CONVERSION = YES;
				CLANG_WARN_INFINITE_RECURSION = YES;
				CLANG_WARN_INT_CONVERSION = YES;
				CLANG_WARN_NON_LITERAL_NULL_CONVERSION = YES;
				CLANG_WARN_OBJC_IMPLICIT_RETAIN_SELF = YES;
				CLANG_WARN_OBJC_LITERAL_CONVERSION = YES;
				CLANG_WARN_OBJC_ROOT_CLASS = YES_ERROR;
				CLANG_WARN_QUOTED_INCLUDE_IN_FRAMEWORK_HEADER = YES;
				CLANG_WARN_RANGE_LOOP_ANALYSIS = YES;
				CLANG_WARN_STRICT_PROTOTYPES = YES;
				CLANG_WARN_SUSPICIOUS_MOVE = YES;
				CLANG_WARN_UNGUARDED_AVAILABILITY = YES_AGGRESSIVE;
				CLANG_WARN_UNREACHABLE_CODE = YES;
				CLANG_WARN__DUPLICATE_METHOD_MATCH = YES;
				COPY_PHASE_STRIP = NO;
				DEBUG_INFORMATION_FORMAT = dwarf;
				ENABLE_STRICT_OBJC_MSGSEND = YES;
				ENABLE_TESTABILITY = YES;
				GCC_C_LANGUAGE_STANDARD = gnu11;
				GCC_DYNAMIC_NO_PIC = NO;
				GCC_NO_COMMON_BLOCKS = YES;
				GCC_OPTIMIZATION_LEVEL = 0;
				GCC_PREPROCESSOR_DEFINITIONS = (
					"DEBUG=1",
					"$(inherited)",
				);
				GCC_WARN_64_TO_32_BIT_CONVERSION = YES;
				GCC_WARN_ABOUT_RETURN_TYPE = YES_ERROR;
				GCC_WARN_UNDECLARED_SELECTOR = YES;
				GCC_WARN_UNINITIALIZED_AUTOS = YES_AGGRESSIVE;
				GCC_WARN_UNUSED_FUNCTION = YES;
				GCC_WARN_UNUSED_VARIABLE = YES;
				IPHONEOS_DEPLOYMENT_TARGET = 15.6;
				MTL_ENABLE_DEBUG_INFO = INCLUDE_SOURCE;
				MTL_FAST_MATH = YES;
				ONLY_ACTIVE_ARCH = YES;
				SDKROOT = iphoneos;
				SWIFT_ACTIVE_COMPILATION_CONDITIONS = DEBUG;
				SWIFT_OPTIMIZATION_LEVEL = "-Onone";
			};
			name = Debug;
		};
		32980DD529E1F8D6004F0852 /* Release */ = {
			isa = XCBuildConfiguration;
			buildSettings = {
				ALWAYS_SEARCH_USER_PATHS = NO;
				CLANG_ANALYZER_NONNULL = YES;
				CLANG_ANALYZER_NUMBER_OBJECT_CONVERSION = YES_AGGRESSIVE;
				CLANG_CXX_LANGUAGE_STANDARD = "gnu++20";
				CLANG_ENABLE_MODULES = YES;
				CLANG_ENABLE_OBJC_ARC = YES;
				CLANG_ENABLE_OBJC_WEAK = YES;
				CLANG_WARN_BLOCK_CAPTURE_AUTORELEASING = YES;
				CLANG_WARN_BOOL_CONVERSION = YES;
				CLANG_WARN_COMMA = YES;
				CLANG_WARN_CONSTANT_CONVERSION = YES;
				CLANG_WARN_DEPRECATED_OBJC_IMPLEMENTATIONS = YES;
				CLANG_WARN_DIRECT_OBJC_ISA_USAGE = YES_ERROR;
				CLANG_WARN_DOCUMENTATION_COMMENTS = YES;
				CLANG_WARN_EMPTY_BODY = YES;
				CLANG_WARN_ENUM_CONVERSION = YES;
				CLANG_WARN_INFINITE_RECURSION = YES;
				CLANG_WARN_INT_CONVERSION = YES;
				CLANG_WARN_NON_LITERAL_NULL_CONVERSION = YES;
				CLANG_WARN_OBJC_IMPLICIT_RETAIN_SELF = YES;
				CLANG_WARN_OBJC_LITERAL_CONVERSION = YES;
				CLANG_WARN_OBJC_ROOT_CLASS = YES_ERROR;
				CLANG_WARN_QUOTED_INCLUDE_IN_FRAMEWORK_HEADER = YES;
				CLANG_WARN_RANGE_LOOP_ANALYSIS = YES;
				CLANG_WARN_STRICT_PROTOTYPES = YES;
				CLANG_WARN_SUSPICIOUS_MOVE = YES;
				CLANG_WARN_UNGUARDED_AVAILABILITY = YES_AGGRESSIVE;
				CLANG_WARN_UNREACHABLE_CODE = YES;
				CLANG_WARN__DUPLICATE_METHOD_MATCH = YES;
				COPY_PHASE_STRIP = NO;
				DEBUG_INFORMATION_FORMAT = "dwarf-with-dsym";
				ENABLE_NS_ASSERTIONS = NO;
				ENABLE_STRICT_OBJC_MSGSEND = YES;
				GCC_C_LANGUAGE_STANDARD = gnu11;
				GCC_NO_COMMON_BLOCKS = YES;
				GCC_WARN_64_TO_32_BIT_CONVERSION = YES;
				GCC_WARN_ABOUT_RETURN_TYPE = YES_ERROR;
				GCC_WARN_UNDECLARED_SELECTOR = YES;
				GCC_WARN_UNINITIALIZED_AUTOS = YES_AGGRESSIVE;
				GCC_WARN_UNUSED_FUNCTION = YES;
				GCC_WARN_UNUSED_VARIABLE = YES;
				IPHONEOS_DEPLOYMENT_TARGET = 15.6;
				MTL_ENABLE_DEBUG_INFO = NO;
				MTL_FAST_MATH = YES;
				SDKROOT = iphoneos;
				SWIFT_COMPILATION_MODE = wholemodule;
				SWIFT_OPTIMIZATION_LEVEL = "-O";
				VALIDATE_PRODUCT = YES;
			};
			name = Release;
		};
		32980DD729E1F8D6004F0852 /* Debug */ = {
			isa = XCBuildConfiguration;
			buildSettings = {
				ASSETCATALOG_COMPILER_APPICON_NAME = AppIcon;
				ASSETCATALOG_COMPILER_GLOBAL_ACCENT_COLOR_NAME = AccentColor;
				CODE_SIGN_STYLE = Automatic;
				CURRENT_PROJECT_VERSION = 1;
				DEVELOPMENT_TEAM = P87Y98S683;
				GENERATE_INFOPLIST_FILE = YES;
				INFOPLIST_FILE = MarsRovers/Resourses/Info.plist;
				INFOPLIST_KEY_CFBundleDisplayName = "Mars rovers";
				INFOPLIST_KEY_LSApplicationCategoryType = "public.app-category.news";
				INFOPLIST_KEY_UIApplicationSupportsIndirectInputEvents = YES;
				INFOPLIST_KEY_UILaunchStoryboardName = LaunchScreen;
				INFOPLIST_KEY_UIMainStoryboardFile = Main;
				INFOPLIST_KEY_UISupportedInterfaceOrientations = UIInterfaceOrientationPortrait;
				IPHONEOS_DEPLOYMENT_TARGET = 16.2;
				LD_RUNPATH_SEARCH_PATHS = (
					"$(inherited)",
					"@executable_path/Frameworks",
				);
				MARKETING_VERSION = 1.0;
				PRODUCT_BUNDLE_IDENTIFIER = "SFX-Montage.MarsRovers";
				PRODUCT_NAME = "$(TARGET_NAME)";
				SUPPORTED_PLATFORMS = "iphoneos iphonesimulator";
				SUPPORTS_MACCATALYST = NO;
				SUPPORTS_MAC_DESIGNED_FOR_IPHONE_IPAD = NO;
				SWIFT_EMIT_LOC_STRINGS = YES;
				SWIFT_VERSION = 5.0;
				TARGETED_DEVICE_FAMILY = 1;
			};
			name = Debug;
		};
		32980DD829E1F8D6004F0852 /* Release */ = {
			isa = XCBuildConfiguration;
			buildSettings = {
				ASSETCATALOG_COMPILER_APPICON_NAME = AppIcon;
				ASSETCATALOG_COMPILER_GLOBAL_ACCENT_COLOR_NAME = AccentColor;
				CODE_SIGN_STYLE = Automatic;
				CURRENT_PROJECT_VERSION = 1;
				DEVELOPMENT_TEAM = P87Y98S683;
				GENERATE_INFOPLIST_FILE = YES;
				INFOPLIST_FILE = MarsRovers/Resourses/Info.plist;
				INFOPLIST_KEY_CFBundleDisplayName = "Mars rovers";
				INFOPLIST_KEY_LSApplicationCategoryType = "public.app-category.news";
				INFOPLIST_KEY_UIApplicationSupportsIndirectInputEvents = YES;
				INFOPLIST_KEY_UILaunchStoryboardName = LaunchScreen;
				INFOPLIST_KEY_UIMainStoryboardFile = Main;
				INFOPLIST_KEY_UISupportedInterfaceOrientations = UIInterfaceOrientationPortrait;
				IPHONEOS_DEPLOYMENT_TARGET = 16.2;
				LD_RUNPATH_SEARCH_PATHS = (
					"$(inherited)",
					"@executable_path/Frameworks",
				);
				MARKETING_VERSION = 1.0;
				PRODUCT_BUNDLE_IDENTIFIER = "SFX-Montage.MarsRovers";
				PRODUCT_NAME = "$(TARGET_NAME)";
				SUPPORTED_PLATFORMS = "iphoneos iphonesimulator";
				SUPPORTS_MACCATALYST = NO;
				SUPPORTS_MAC_DESIGNED_FOR_IPHONE_IPAD = NO;
				SWIFT_EMIT_LOC_STRINGS = YES;
				SWIFT_VERSION = 5.0;
				TARGETED_DEVICE_FAMILY = 1;
			};
			name = Release;
		};
/* End XCBuildConfiguration section */

/* Begin XCConfigurationList section */
		32980DBD29E1F8D5004F0852 /* Build configuration list for PBXProject "MarsRovers" */ = {
			isa = XCConfigurationList;
			buildConfigurations = (
				32980DD429E1F8D6004F0852 /* Debug */,
				32980DD529E1F8D6004F0852 /* Release */,
			);
			defaultConfigurationIsVisible = 0;
			defaultConfigurationName = Release;
		};
		32980DD629E1F8D6004F0852 /* Build configuration list for PBXNativeTarget "MarsRovers" */ = {
			isa = XCConfigurationList;
			buildConfigurations = (
				32980DD729E1F8D6004F0852 /* Debug */,
				32980DD829E1F8D6004F0852 /* Release */,
			);
			defaultConfigurationIsVisible = 0;
			defaultConfigurationName = Release;
		};
/* End XCConfigurationList section */
	};
	rootObject = 32980DBA29E1F8D5004F0852 /* Project object */;
}
